
Microsoft Visual Studio Solution File, Format Version 12.00
# Visual Studio Version 16
VisualStudioVersion = 16.0.30114.105
MinimumVisualStudioVersion = 10.0.40219.1
Project("{FAE04EC0-301F-11D3-BF4B-00C04F79EFBC}") = "Translation Fee Calculator", "Translation Fee Calculator\Translation Fee Calculator.csproj", "{75EA470B-2CF4-4FD8-B414-0226DFC00AE9}"
EndProject
Global
	GlobalSection(SolutionConfigurationPlatforms) = preSolution
		Debug|Any CPU = Debug|Any CPU
		Release|Any CPU = Release|Any CPU
	EndGlobalSection
	GlobalSection(ProjectConfigurationPlatforms) = postSolution
		{75EA470B-2CF4-4FD8-B414-0226DFC00AE9}.Debug|Any CPU.ActiveCfg = Debug|Any CPU
		{75EA470B-2CF4-4FD8-B414-0226DFC00AE9}.Debug|Any CPU.Build.0 = Debug|Any CPU
		{75EA470B-2CF4-4FD8-B414-0226DFC00AE9}.Release|Any CPU.ActiveCfg = Release|Any CPU
		{75EA470B-2CF4-4FD8-B414-0226DFC00AE9}.Release|Any CPU.Build.0 = Release|Any CPU
	EndGlobalSection
	GlobalSection(SolutionProperties) = preSolution
		HideSolutionNode = FALSE
	EndGlobalSection
	GlobalSection(ExtensibilityGlobals) = postSolution
		SolutionGuid = {0E198FA8-0A75-40F6-BB79-47498904A9E3}
	EndGlobalSection
EndGlobal
